// !$*UTF8*$!
{
	archiveVersion = 1;
	classes = {
	};
	objectVersion = 46;
	objects = {

/* Begin PBXBuildFile section */
		46B6483AFF797FB1555423F2 /* Pods_magiclarsen_showcase.framework in Frameworks */ = {isa = PBXBuildFile; fileRef = 395CE2FA3FA9C8FF9AD73854 /* Pods_magiclarsen_showcase.framework */; };
		98D9C3221CD8F882008D8D29 /* AppDelegate.swift in Sources */ = {isa = PBXBuildFile; fileRef = 98D9C3211CD8F882008D8D29 /* AppDelegate.swift */; };
		98D9C3241CD8F882008D8D29 /* ViewController.swift in Sources */ = {isa = PBXBuildFile; fileRef = 98D9C3231CD8F882008D8D29 /* ViewController.swift */; };
		98D9C3271CD8F882008D8D29 /* Main.storyboard in Resources */ = {isa = PBXBuildFile; fileRef = 98D9C3251CD8F882008D8D29 /* Main.storyboard */; };
		98D9C32A1CD8F882008D8D29 /* magiclarsen_showcase.xcdatamodeld in Sources */ = {isa = PBXBuildFile; fileRef = 98D9C3281CD8F882008D8D29 /* magiclarsen_showcase.xcdatamodeld */; };
		98D9C32C1CD8F882008D8D29 /* Assets.xcassets in Resources */ = {isa = PBXBuildFile; fileRef = 98D9C32B1CD8F882008D8D29 /* Assets.xcassets */; };
		98D9C32F1CD8F882008D8D29 /* LaunchScreen.storyboard in Resources */ = {isa = PBXBuildFile; fileRef = 98D9C32D1CD8F882008D8D29 /* LaunchScreen.storyboard */; };
		98D9C3391CD8F939008D8D29 /* FBSDKCoreKit.framework in Frameworks */ = {isa = PBXBuildFile; fileRef = 98D9C3361CD8F939008D8D29 /* FBSDKCoreKit.framework */; };
		98D9C33A1CD8F939008D8D29 /* FBSDKLoginKit.framework in Frameworks */ = {isa = PBXBuildFile; fileRef = 98D9C3371CD8F939008D8D29 /* FBSDKLoginKit.framework */; };
		98D9C33B1CD8F939008D8D29 /* FBSDKShareKit.framework in Frameworks */ = {isa = PBXBuildFile; fileRef = 98D9C3381CD8F939008D8D29 /* FBSDKShareKit.framework */; };
		98D9C3441CD8FC53008D8D29 /* NotoSans-Bold.ttf in Resources */ = {isa = PBXBuildFile; fileRef = 98D9C3401CD8FC53008D8D29 /* NotoSans-Bold.ttf */; };
		98D9C3451CD8FC53008D8D29 /* NotoSans-BoldItalic.ttf in Resources */ = {isa = PBXBuildFile; fileRef = 98D9C3411CD8FC53008D8D29 /* NotoSans-BoldItalic.ttf */; };
		98D9C3461CD8FC53008D8D29 /* NotoSans-Italic.ttf in Resources */ = {isa = PBXBuildFile; fileRef = 98D9C3421CD8FC53008D8D29 /* NotoSans-Italic.ttf */; };
		98D9C3471CD8FC53008D8D29 /* NotoSans-Regular.ttf in Resources */ = {isa = PBXBuildFile; fileRef = 98D9C3431CD8FC53008D8D29 /* NotoSans-Regular.ttf */; };
		98D9C3491CD8FF02008D8D29 /* MaterialView.swift in Sources */ = {isa = PBXBuildFile; fileRef = 98D9C3481CD8FF02008D8D29 /* MaterialView.swift */; };
		98D9C34C1CD8FF4B008D8D29 /* Constants.swift in Sources */ = {isa = PBXBuildFile; fileRef = 98D9C34B1CD8FF4B008D8D29 /* Constants.swift */; };
		98D9C34E1CD903BB008D8D29 /* MaterialButton.swift in Sources */ = {isa = PBXBuildFile; fileRef = 98D9C34D1CD903BB008D8D29 /* MaterialButton.swift */; };
		98D9C3501CD9063D008D8D29 /* MaterialTextField.swift in Sources */ = {isa = PBXBuildFile; fileRef = 98D9C34F1CD9063D008D8D29 /* MaterialTextField.swift */; };
		98D9C3521CD9BA43008D8D29 /* Bolts.framework in Frameworks */ = {isa = PBXBuildFile; fileRef = 98D9C3511CD9BA43008D8D29 /* Bolts.framework */; };
/* End PBXBuildFile section */

/* Begin PBXFileReference section */
		395CE2FA3FA9C8FF9AD73854 /* Pods_magiclarsen_showcase.framework */ = {isa = PBXFileReference; explicitFileType = wrapper.framework; includeInIndex = 0; path = Pods_magiclarsen_showcase.framework; sourceTree = BUILT_PRODUCTS_DIR; };
		98D9C31E1CD8F882008D8D29 /* magiclarsen-showcase.app */ = {isa = PBXFileReference; explicitFileType = wrapper.application; includeInIndex = 0; path = "magiclarsen-showcase.app"; sourceTree = BUILT_PRODUCTS_DIR; };
		98D9C3211CD8F882008D8D29 /* AppDelegate.swift */ = {isa = PBXFileReference; lastKnownFileType = sourcecode.swift; path = AppDelegate.swift; sourceTree = "<group>"; };
		98D9C3231CD8F882008D8D29 /* ViewController.swift */ = {isa = PBXFileReference; lastKnownFileType = sourcecode.swift; path = ViewController.swift; sourceTree = "<group>"; };
		98D9C3261CD8F882008D8D29 /* Base */ = {isa = PBXFileReference; lastKnownFileType = file.storyboard; name = Base; path = Base.lproj/Main.storyboard; sourceTree = "<group>"; };
		98D9C3291CD8F882008D8D29 /* magiclarsen_showcase.xcdatamodel */ = {isa = PBXFileReference; lastKnownFileType = wrapper.xcdatamodel; path = magiclarsen_showcase.xcdatamodel; sourceTree = "<group>"; };
		98D9C32B1CD8F882008D8D29 /* Assets.xcassets */ = {isa = PBXFileReference; lastKnownFileType = folder.assetcatalog; path = Assets.xcassets; sourceTree = "<group>"; };
		98D9C32E1CD8F882008D8D29 /* Base */ = {isa = PBXFileReference; lastKnownFileType = file.storyboard; name = Base; path = Base.lproj/LaunchScreen.storyboard; sourceTree = "<group>"; };
		98D9C3301CD8F882008D8D29 /* Info.plist */ = {isa = PBXFileReference; lastKnownFileType = text.plist.xml; path = Info.plist; sourceTree = "<group>"; };
		98D9C3361CD8F939008D8D29 /* FBSDKCoreKit.framework */ = {isa = PBXFileReference; lastKnownFileType = wrapper.framework; name = FBSDKCoreKit.framework; path = ../FBSDKCoreKit.framework; sourceTree = "<group>"; };
		98D9C3371CD8F939008D8D29 /* FBSDKLoginKit.framework */ = {isa = PBXFileReference; lastKnownFileType = wrapper.framework; name = FBSDKLoginKit.framework; path = ../FBSDKLoginKit.framework; sourceTree = "<group>"; };
		98D9C3381CD8F939008D8D29 /* FBSDKShareKit.framework */ = {isa = PBXFileReference; lastKnownFileType = wrapper.framework; name = FBSDKShareKit.framework; path = ../FBSDKShareKit.framework; sourceTree = "<group>"; };
		98D9C3401CD8FC53008D8D29 /* NotoSans-Bold.ttf */ = {isa = PBXFileReference; lastKnownFileType = file; path = "NotoSans-Bold.ttf"; sourceTree = "<group>"; };
		98D9C3411CD8FC53008D8D29 /* NotoSans-BoldItalic.ttf */ = {isa = PBXFileReference; lastKnownFileType = file; path = "NotoSans-BoldItalic.ttf"; sourceTree = "<group>"; };
		98D9C3421CD8FC53008D8D29 /* NotoSans-Italic.ttf */ = {isa = PBXFileReference; lastKnownFileType = file; path = "NotoSans-Italic.ttf"; sourceTree = "<group>"; };
		98D9C3431CD8FC53008D8D29 /* NotoSans-Regular.ttf */ = {isa = PBXFileReference; lastKnownFileType = file; path = "NotoSans-Regular.ttf"; sourceTree = "<group>"; };
		98D9C3481CD8FF02008D8D29 /* MaterialView.swift */ = {isa = PBXFileReference; fileEncoding = 4; lastKnownFileType = sourcecode.swift; path = MaterialView.swift; sourceTree = "<group>"; };
		98D9C34B1CD8FF4B008D8D29 /* Constants.swift */ = {isa = PBXFileReference; fileEncoding = 4; lastKnownFileType = sourcecode.swift; path = Constants.swift; sourceTree = "<group>"; };
		98D9C34D1CD903BB008D8D29 /* MaterialButton.swift */ = {isa = PBXFileReference; fileEncoding = 4; lastKnownFileType = sourcecode.swift; path = MaterialButton.swift; sourceTree = "<group>"; };
		98D9C34F1CD9063D008D8D29 /* MaterialTextField.swift */ = {isa = PBXFileReference; fileEncoding = 4; lastKnownFileType = sourcecode.swift; path = MaterialTextField.swift; sourceTree = "<group>"; };
		98D9C3511CD9BA43008D8D29 /* Bolts.framework */ = {isa = PBXFileReference; lastKnownFileType = wrapper.framework; path = Bolts.framework; sourceTree = "<group>"; };
		AB38280EB43B2C55A8C013BE /* Pods-magiclarsen-showcase.release.xcconfig */ = {isa = PBXFileReference; includeInIndex = 1; lastKnownFileType = text.xcconfig; name = "Pods-magiclarsen-showcase.release.xcconfig"; path = "Pods/Target Support Files/Pods-magiclarsen-showcase/Pods-magiclarsen-showcase.release.xcconfig"; sourceTree = "<group>"; };
		DF4A8DAD836B8B17AFCBEF6F /* Pods-magiclarsen-showcase.debug.xcconfig */ = {isa = PBXFileReference; includeInIndex = 1; lastKnownFileType = text.xcconfig; name = "Pods-magiclarsen-showcase.debug.xcconfig"; path = "Pods/Target Support Files/Pods-magiclarsen-showcase/Pods-magiclarsen-showcase.debug.xcconfig"; sourceTree = "<group>"; };
/* End PBXFileReference section */

/* Begin PBXFrameworksBuildPhase section */
		98D9C31B1CD8F882008D8D29 /* Frameworks */ = {
			isa = PBXFrameworksBuildPhase;
			buildActionMask = 2147483647;
			files = (
				98D9C33A1CD8F939008D8D29 /* FBSDKLoginKit.framework in Frameworks */,
				98D9C3391CD8F939008D8D29 /* FBSDKCoreKit.framework in Frameworks */,
				98D9C33B1CD8F939008D8D29 /* FBSDKShareKit.framework in Frameworks */,
				98D9C3521CD9BA43008D8D29 /* Bolts.framework in Frameworks */,
				46B6483AFF797FB1555423F2 /* Pods_magiclarsen_showcase.framework in Frameworks */,
			);
			runOnlyForDeploymentPostprocessing = 0;
		};
/* End PBXFrameworksBuildPhase section */

/* Begin PBXGroup section */
		4FA4F14EB8704DCB52D6E9C2 /* Pods */ = {
			isa = PBXGroup;
			children = (
				DF4A8DAD836B8B17AFCBEF6F /* Pods-magiclarsen-showcase.debug.xcconfig */,
				AB38280EB43B2C55A8C013BE /* Pods-magiclarsen-showcase.release.xcconfig */,
			);
			name = Pods;
			sourceTree = "<group>";
		};
		8FBBB0422C3C36AF5295BC9D /* Frameworks */ = {
			isa = PBXGroup;
			children = (
				395CE2FA3FA9C8FF9AD73854 /* Pods_magiclarsen_showcase.framework */,
			);
			name = Frameworks;
			sourceTree = "<group>";
		};
		98D9C3151CD8F882008D8D29 = {
			isa = PBXGroup;
			children = (
				98D9C3201CD8F882008D8D29 /* magiclarsen-showcase */,
				98D9C31F1CD8F882008D8D29 /* Products */,
				4FA4F14EB8704DCB52D6E9C2 /* Pods */,
				8FBBB0422C3C36AF5295BC9D /* Frameworks */,
			);
			sourceTree = "<group>";
		};
		98D9C31F1CD8F882008D8D29 /* Products */ = {
			isa = PBXGroup;
			children = (
				98D9C31E1CD8F882008D8D29 /* magiclarsen-showcase.app */,
			);
			name = Products;
			sourceTree = "<group>";
		};
		98D9C3201CD8F882008D8D29 /* magiclarsen-showcase */ = {
			isa = PBXGroup;
			children = (
				98D9C3531CD9BA4D008D8D29 /* Frameworks */,
				98D9C34A1CD8FF32008D8D29 /* Util */,
				98D9C33F1CD8FC3E008D8D29 /* Resources */,
				98D9C33E1CD8FC38008D8D29 /* Model */,
				98D9C33D1CD8FC33008D8D29 /* View */,
				98D9C33C1CD8FC2D008D8D29 /* Controller */,
				98D9C3211CD8F882008D8D29 /* AppDelegate.swift */,
				98D9C3231CD8F882008D8D29 /* ViewController.swift */,
				98D9C3251CD8F882008D8D29 /* Main.storyboard */,
				98D9C32B1CD8F882008D8D29 /* Assets.xcassets */,
				98D9C32D1CD8F882008D8D29 /* LaunchScreen.storyboard */,
				98D9C3301CD8F882008D8D29 /* Info.plist */,
				98D9C3281CD8F882008D8D29 /* magiclarsen_showcase.xcdatamodeld */,
			);
			path = "magiclarsen-showcase";
			sourceTree = "<group>";
		};
		98D9C33C1CD8FC2D008D8D29 /* Controller */ = {
			isa = PBXGroup;
			children = (
			);
			name = Controller;
			sourceTree = "<group>";
		};
		98D9C33D1CD8FC33008D8D29 /* View */ = {
			isa = PBXGroup;
			children = (
				98D9C3481CD8FF02008D8D29 /* MaterialView.swift */,
				98D9C34D1CD903BB008D8D29 /* MaterialButton.swift */,
				98D9C34F1CD9063D008D8D29 /* MaterialTextField.swift */,
			);
			name = View;
			sourceTree = "<group>";
		};
		98D9C33E1CD8FC38008D8D29 /* Model */ = {
			isa = PBXGroup;
			children = (
			);
			name = Model;
			sourceTree = "<group>";
		};
		98D9C33F1CD8FC3E008D8D29 /* Resources */ = {
			isa = PBXGroup;
			children = (
				98D9C3401CD8FC53008D8D29 /* NotoSans-Bold.ttf */,
				98D9C3411CD8FC53008D8D29 /* NotoSans-BoldItalic.ttf */,
				98D9C3421CD8FC53008D8D29 /* NotoSans-Italic.ttf */,
				98D9C3431CD8FC53008D8D29 /* NotoSans-Regular.ttf */,
			);
			name = Resources;
			sourceTree = "<group>";
		};
		98D9C34A1CD8FF32008D8D29 /* Util */ = {
			isa = PBXGroup;
			children = (
				98D9C34B1CD8FF4B008D8D29 /* Constants.swift */,
			);
			name = Util;
			sourceTree = "<group>";
		};
		98D9C3531CD9BA4D008D8D29 /* Frameworks */ = {
			isa = PBXGroup;
			children = (
				98D9C3511CD9BA43008D8D29 /* Bolts.framework */,
				98D9C3361CD8F939008D8D29 /* FBSDKCoreKit.framework */,
				98D9C3371CD8F939008D8D29 /* FBSDKLoginKit.framework */,
				98D9C3381CD8F939008D8D29 /* FBSDKShareKit.framework */,
			);
			name = Frameworks;
			sourceTree = "<group>";
		};
/* End PBXGroup section */

/* Begin PBXNativeTarget section */
		98D9C31D1CD8F882008D8D29 /* magiclarsen-showcase */ = {
			isa = PBXNativeTarget;
			buildConfigurationList = 98D9C3331CD8F882008D8D29 /* Build configuration list for PBXNativeTarget "magiclarsen-showcase" */;
			buildPhases = (
				FF3C5738129CF55178FCEAB9 /* 📦 Check Pods Manifest.lock */,
				98D9C31A1CD8F882008D8D29 /* Sources */,
				98D9C31B1CD8F882008D8D29 /* Frameworks */,
				98D9C31C1CD8F882008D8D29 /* Resources */,
				2C5C32B560374551897E7DC6 /* 📦 Embed Pods Frameworks */,
				E105019265E61DDFA90A0380 /* 📦 Copy Pods Resources */,
			);
			buildRules = (
			);
			dependencies = (
			);
			name = "magiclarsen-showcase";
			productName = "magiclarsen-showcase";
			productReference = 98D9C31E1CD8F882008D8D29 /* magiclarsen-showcase.app */;
			productType = "com.apple.product-type.application";
		};
/* End PBXNativeTarget section */

/* Begin PBXProject section */
		98D9C3161CD8F882008D8D29 /* Project object */ = {
			isa = PBXProject;
			attributes = {
				LastSwiftUpdateCheck = 0730;
				LastUpgradeCheck = 0730;
				ORGANIZATIONNAME = Magiclarsen;
				TargetAttributes = {
					98D9C31D1CD8F882008D8D29 = {
						CreatedOnToolsVersion = 7.3;
					};
				};
			};
			buildConfigurationList = 98D9C3191CD8F882008D8D29 /* Build configuration list for PBXProject "magiclarsen-showcase" */;
			compatibilityVersion = "Xcode 3.2";
			developmentRegion = English;
			hasScannedForEncodings = 0;
			knownRegions = (
				en,
				Base,
			);
			mainGroup = 98D9C3151CD8F882008D8D29;
			productRefGroup = 98D9C31F1CD8F882008D8D29 /* Products */;
			projectDirPath = "";
			projectRoot = "";
			targets = (
				98D9C31D1CD8F882008D8D29 /* magiclarsen-showcase */,
			);
		};
/* End PBXProject section */

/* Begin PBXResourcesBuildPhase section */
		98D9C31C1CD8F882008D8D29 /* Resources */ = {
			isa = PBXResourcesBuildPhase;
			buildActionMask = 2147483647;
			files = (
				98D9C3441CD8FC53008D8D29 /* NotoSans-Bold.ttf in Resources */,
				98D9C32F1CD8F882008D8D29 /* LaunchScreen.storyboard in Resources */,
				98D9C3451CD8FC53008D8D29 /* NotoSans-BoldItalic.ttf in Resources */,
				98D9C3461CD8FC53008D8D29 /* NotoSans-Italic.ttf in Resources */,
				98D9C32C1CD8F882008D8D29 /* Assets.xcassets in Resources */,
				98D9C3271CD8F882008D8D29 /* Main.storyboard in Resources */,
				98D9C3471CD8FC53008D8D29 /* NotoSans-Regular.ttf in Resources */,
			);
			runOnlyForDeploymentPostprocessing = 0;
		};
/* End PBXResourcesBuildPhase section */

/* Begin PBXShellScriptBuildPhase section */
		2C5C32B560374551897E7DC6 /* 📦 Embed Pods Frameworks */ = {
			isa = PBXShellScriptBuildPhase;
			buildActionMask = 2147483647;
			files = (
			);
			inputPaths = (
			);
			name = "📦 Embed Pods Frameworks";
			outputPaths = (
			);
			runOnlyForDeploymentPostprocessing = 0;
			shellPath = /bin/sh;
			shellScript = "\"${SRCROOT}/Pods/Target Support Files/Pods-magiclarsen-showcase/Pods-magiclarsen-showcase-frameworks.sh\"\n";
			showEnvVarsInLog = 0;
		};
		E105019265E61DDFA90A0380 /* 📦 Copy Pods Resources */ = {
			isa = PBXShellScriptBuildPhase;
			buildActionMask = 2147483647;
			files = (
			);
			inputPaths = (
			);
			name = "📦 Copy Pods Resources";
			outputPaths = (
			);
			runOnlyForDeploymentPostprocessing = 0;
			shellPath = /bin/sh;
			shellScript = "\"${SRCROOT}/Pods/Target Support Files/Pods-magiclarsen-showcase/Pods-magiclarsen-showcase-resources.sh\"\n";
			showEnvVarsInLog = 0;
		};
		FF3C5738129CF55178FCEAB9 /* 📦 Check Pods Manifest.lock */ = {
			isa = PBXShellScriptBuildPhase;
			buildActionMask = 2147483647;
			files = (
			);
			inputPaths = (
			);
			name = "📦 Check Pods Manifest.lock";
			outputPaths = (
			);
			runOnlyForDeploymentPostprocessing = 0;
			shellPath = /bin/sh;
			shellScript = "diff \"${PODS_ROOT}/../Podfile.lock\" \"${PODS_ROOT}/Manifest.lock\" > /dev/null\nif [[ $? != 0 ]] ; then\n    cat << EOM\nerror: The sandbox is not in sync with the Podfile.lock. Run 'pod install' or update your CocoaPods installation.\nEOM\n    exit 1\nfi\n";
			showEnvVarsInLog = 0;
		};
/* End PBXShellScriptBuildPhase section */

/* Begin PBXSourcesBuildPhase section */
		98D9C31A1CD8F882008D8D29 /* Sources */ = {
			isa = PBXSourcesBuildPhase;
			buildActionMask = 2147483647;
			files = (
				98D9C34C1CD8FF4B008D8D29 /* Constants.swift in Sources */,
				98D9C3241CD8F882008D8D29 /* ViewController.swift in Sources */,
				98D9C34E1CD903BB008D8D29 /* MaterialButton.swift in Sources */,
				98D9C3221CD8F882008D8D29 /* AppDelegate.swift in Sources */,
				98D9C32A1CD8F882008D8D29 /* magiclarsen_showcase.xcdatamodeld in Sources */,
				98D9C3491CD8FF02008D8D29 /* MaterialView.swift in Sources */,
				98D9C3501CD9063D008D8D29 /* MaterialTextField.swift in Sources */,
			);
			runOnlyForDeploymentPostprocessing = 0;
		};
/* End PBXSourcesBuildPhase section */

/* Begin PBXVariantGroup section */
		98D9C3251CD8F882008D8D29 /* Main.storyboard */ = {
			isa = PBXVariantGroup;
			children = (
				98D9C3261CD8F882008D8D29 /* Base */,
			);
			name = Main.storyboard;
			sourceTree = "<group>";
		};
		98D9C32D1CD8F882008D8D29 /* LaunchScreen.storyboard */ = {
			isa = PBXVariantGroup;
			children = (
				98D9C32E1CD8F882008D8D29 /* Base */,
			);
			name = LaunchScreen.storyboard;
			sourceTree = "<group>";
		};
/* End PBXVariantGroup section */

/* Begin XCBuildConfiguration section */
		98D9C3311CD8F882008D8D29 /* Debug */ = {
			isa = XCBuildConfiguration;
			buildSettings = {
				ALWAYS_SEARCH_USER_PATHS = NO;
				CLANG_ANALYZER_NONNULL = YES;
				CLANG_CXX_LANGUAGE_STANDARD = "gnu++0x";
				CLANG_CXX_LIBRARY = "libc++";
				CLANG_ENABLE_MODULES = YES;
				CLANG_ENABLE_OBJC_ARC = YES;
				CLANG_WARN_BOOL_CONVERSION = YES;
				CLANG_WARN_CONSTANT_CONVERSION = YES;
				CLANG_WARN_DIRECT_OBJC_ISA_USAGE = YES_ERROR;
				CLANG_WARN_EMPTY_BODY = YES;
				CLANG_WARN_ENUM_CONVERSION = YES;
				CLANG_WARN_INT_CONVERSION = YES;
				CLANG_WARN_OBJC_ROOT_CLASS = YES_ERROR;
				CLANG_WARN_UNREACHABLE_CODE = YES;
				CLANG_WARN__DUPLICATE_METHOD_MATCH = YES;
				"CODE_SIGN_IDENTITY[sdk=iphoneos*]" = "iPhone Developer";
				COPY_PHASE_STRIP = NO;
				DEBUG_INFORMATION_FORMAT = dwarf;
				ENABLE_STRICT_OBJC_MSGSEND = YES;
				ENABLE_TESTABILITY = YES;
				GCC_C_LANGUAGE_STANDARD = gnu99;
				GCC_DYNAMIC_NO_PIC = NO;
				GCC_NO_COMMON_BLOCKS = YES;
				GCC_OPTIMIZATION_LEVEL = 0;
				GCC_PREPROCESSOR_DEFINITIONS = (
					"DEBUG=1",
					"$(inherited)",
				);
				GCC_WARN_64_TO_32_BIT_CONVERSION = YES;
				GCC_WARN_ABOUT_RETURN_TYPE = YES_ERROR;
				GCC_WARN_UNDECLARED_SELECTOR = YES;
				GCC_WARN_UNINITIALIZED_AUTOS = YES_AGGRESSIVE;
				GCC_WARN_UNUSED_FUNCTION = YES;
				GCC_WARN_UNUSED_VARIABLE = YES;
				IPHONEOS_DEPLOYMENT_TARGET = 9.3;
				MTL_ENABLE_DEBUG_INFO = YES;
				ONLY_ACTIVE_ARCH = YES;
				SDKROOT = iphoneos;
				SWIFT_OPTIMIZATION_LEVEL = "-Onone";
				TARGETED_DEVICE_FAMILY = "1,2";
			};
			name = Debug;
		};
		98D9C3321CD8F882008D8D29 /* Release */ = {
			isa = XCBuildConfiguration;
			buildSettings = {
				ALWAYS_SEARCH_USER_PATHS = NO;
				CLANG_ANALYZER_NONNULL = YES;
				CLANG_CXX_LANGUAGE_STANDARD = "gnu++0x";
				CLANG_CXX_LIBRARY = "libc++";
				CLANG_ENABLE_MODULES = YES;
				CLANG_ENABLE_OBJC_ARC = YES;
				CLANG_WARN_BOOL_CONVERSION = YES;
				CLANG_WARN_CONSTANT_CONVERSION = YES;
				CLANG_WARN_DIRECT_OBJC_ISA_USAGE = YES_ERROR;
				CLANG_WARN_EMPTY_BODY = YES;
				CLANG_WARN_ENUM_CONVERSION = YES;
				CLANG_WARN_INT_CONVERSION = YES;
				CLANG_WARN_OBJC_ROOT_CLASS = YES_ERROR;
				CLANG_WARN_UNREACHABLE_CODE = YES;
				CLANG_WARN__DUPLICATE_METHOD_MATCH = YES;
				"CODE_SIGN_IDENTITY[sdk=iphoneos*]" = "iPhone Developer";
				COPY_PHASE_STRIP = NO;
				DEBUG_INFORMATION_FORMAT = "dwarf-with-dsym";
				ENABLE_NS_ASSERTIONS = NO;
				ENABLE_STRICT_OBJC_MSGSEND = YES;
				GCC_C_LANGUAGE_STANDARD = gnu99;
				GCC_NO_COMMON_BLOCKS = YES;
				GCC_WARN_64_TO_32_BIT_CONVERSION = YES;
				GCC_WARN_ABOUT_RETURN_TYPE = YES_ERROR;
				GCC_WARN_UNDECLARED_SELECTOR = YES;
				GCC_WARN_UNINITIALIZED_AUTOS = YES_AGGRESSIVE;
				GCC_WARN_UNUSED_FUNCTION = YES;
				GCC_WARN_UNUSED_VARIABLE = YES;
				IPHONEOS_DEPLOYMENT_TARGET = 9.3;
				MTL_ENABLE_DEBUG_INFO = NO;
				SDKROOT = iphoneos;
				TARGETED_DEVICE_FAMILY = "1,2";
				VALIDATE_PRODUCT = YES;
			};
			name = Release;
		};
		98D9C3341CD8F882008D8D29 /* Debug */ = {
			isa = XCBuildConfiguration;
			baseConfigurationReference = DF4A8DAD836B8B17AFCBEF6F /* Pods-magiclarsen-showcase.debug.xcconfig */;
			buildSettings = {
				ASSETCATALOG_COMPILER_APPICON_NAME = AppIcon;
				ENABLE_BITCODE = NO;
				FRAMEWORK_SEARCH_PATHS = (
					"$(inherited)",
					"$(PROJECT_DIR)",
					"$(PROJECT_DIR)/magiclarsen-showcase",
				);
				INFOPLIST_FILE = "magiclarsen-showcase/Info.plist";
				LD_RUNPATH_SEARCH_PATHS = "$(inherited) @executable_path/Frameworks";
				PRODUCT_BUNDLE_IDENTIFIER = com.magiclarsen.showcase;
				PRODUCT_NAME = "$(TARGET_NAME)";
			};
			name = Debug;
		};
		98D9C3351CD8F882008D8D29 /* Release */ = {
			isa = XCBuildConfiguration;
			baseConfigurationReference = AB38280EB43B2C55A8C013BE /* Pods-magiclarsen-showcase.release.xcconfig */;
			buildSettings = {
				ASSETCATALOG_COMPILER_APPICON_NAME = AppIcon;
				ENABLE_BITCODE = NO;
				FRAMEWORK_SEARCH_PATHS = (
					"$(inherited)",
					"$(PROJECT_DIR)",
					"$(PROJECT_DIR)/magiclarsen-showcase",
				);
				INFOPLIST_FILE = "magiclarsen-showcase/Info.plist";
				LD_RUNPATH_SEARCH_PATHS = "$(inherited) @executable_path/Frameworks";
				PRODUCT_BUNDLE_IDENTIFIER = com.magiclarsen.showcase;
				PRODUCT_NAME = "$(TARGET_NAME)";
			};
			name = Release;
		};
/* End XCBuildConfiguration section */

/* Begin XCConfigurationList section */
		98D9C3191CD8F882008D8D29 /* Build configuration list for PBXProject "magiclarsen-showcase" */ = {
			isa = XCConfigurationList;
			buildConfigurations = (
				98D9C3311CD8F882008D8D29 /* Debug */,
				98D9C3321CD8F882008D8D29 /* Release */,
			);
			defaultConfigurationIsVisible = 0;
			defaultConfigurationName = Release;
		};
		98D9C3331CD8F882008D8D29 /* Build configuration list for PBXNativeTarget "magiclarsen-showcase" */ = {
			isa = XCConfigurationList;
			buildConfigurations = (
				98D9C3341CD8F882008D8D29 /* Debug */,
				98D9C3351CD8F882008D8D29 /* Release */,
			);
			defaultConfigurationIsVisible = 0;
			defaultConfigurationName = Release;
		};
/* End XCConfigurationList section */

/* Begin XCVersionGroup section */
		98D9C3281CD8F882008D8D29 /* magiclarsen_showcase.xcdatamodeld */ = {
			isa = XCVersionGroup;
			children = (
				98D9C3291CD8F882008D8D29 /* magiclarsen_showcase.xcdatamodel */,
			);
			currentVersion = 98D9C3291CD8F882008D8D29 /* magiclarsen_showcase.xcdatamodel */;
			path = magiclarsen_showcase.xcdatamodeld;
			sourceTree = "<group>";
			versionGroupType = wrapper.xcdatamodel;
		};
/* End XCVersionGroup section */
	};
	rootObject = 98D9C3161CD8F882008D8D29 /* Project object */;
}
